
Microsoft Visual Studio Solution File, Format Version 12.00
# Visual Studio 15
VisualStudioVersion = 15.0.26124.0
MinimumVisualStudioVersion = 15.0.26124.0
Project("{2150E333-8FDC-42A3-9474-1A3956D46DE8}") = "src", "src", "{5BE976B2-FCA3-4EFB-856B-A3D41E272F33}"
EndProject
Project("{FAE04EC0-301F-11D3-BF4B-00C04F79EFBC}") = "AndcultureCode.CSharp.Cli", "src\AndcultureCode.CSharp.Cli\AndcultureCode.CSharp.Cli.csproj", "{7C136A20-678E-4A10-92F6-5510FC69032F}"
EndProject
Project("{2150E333-8FDC-42A3-9474-1A3956D46DE8}") = "test", "test", "{55BB61A5-A34A-42C1-ABD0-B99BB9596650}"
EndProject
Project("{FAE04EC0-301F-11D3-BF4B-00C04F79EFBC}") = "AndcultureCode.CSharp.Cli.Tests", "test\AndcultureCode.CSharp.Cli.Tests\AndcultureCode.CSharp.Cli.Tests.csproj", "{9E59780B-9D79-4EFA-A3CF-C1EE251587F3}"
EndProject
Global
	GlobalSection(SolutionConfigurationPlatforms) = preSolution
		Debug|Any CPU = Debug|Any CPU
		Debug|x64 = Debug|x64
		Debug|x86 = Debug|x86
		Release|Any CPU = Release|Any CPU
		Release|x64 = Release|x64
		Release|x86 = Release|x86
	EndGlobalSection
	GlobalSection(SolutionProperties) = preSolution
		HideSolutionNode = FALSE
	EndGlobalSection
	GlobalSection(ProjectConfigurationPlatforms) = postSolution
		{7C136A20-678E-4A10-92F6-5510FC69032F}.Debug|Any CPU.ActiveCfg = Debug|Any CPU
		{7C136A20-678E-4A10-92F6-5510FC69032F}.Debug|Any CPU.Build.0 = Debug|Any CPU
		{7C136A20-678E-4A10-92F6-5510FC69032F}.Debug|x64.ActiveCfg = Debug|Any CPU
		{7C136A20-678E-4A10-92F6-5510FC69032F}.Debug|x64.Build.0 = Debug|Any CPU
		{7C136A20-678E-4A10-92F6-5510FC69032F}.Debug|x86.ActiveCfg = Debug|Any CPU
		{7C136A20-678E-4A10-92F6-5510FC69032F}.Debug|x86.Build.0 = Debug|Any CPU
		{7C136A20-678E-4A10-92F6-5510FC69032F}.Release|Any CPU.ActiveCfg = Release|Any CPU
		{7C136A20-678E-4A10-92F6-5510FC69032F}.Release|Any CPU.Build.0 = Release|Any CPU
		{7C136A20-678E-4A10-92F6-5510FC69032F}.Release|x64.ActiveCfg = Release|Any CPU
		{7C136A20-678E-4A10-92F6-5510FC69032F}.Release|x64.Build.0 = Release|Any CPU
		{7C136A20-678E-4A10-92F6-5510FC69032F}.Release|x86.ActiveCfg = Release|Any CPU
		{7C136A20-678E-4A10-92F6-5510FC69032F}.Release|x86.Build.0 = Release|Any CPU
		{9E59780B-9D79-4EFA-A3CF-C1EE251587F3}.Debug|Any CPU.ActiveCfg = Debug|Any CPU
		{9E59780B-9D79-4EFA-A3CF-C1EE251587F3}.Debug|Any CPU.Build.0 = Debug|Any CPU
		{9E59780B-9D79-4EFA-A3CF-C1EE251587F3}.Debug|x64.ActiveCfg = Debug|Any CPU
		{9E59780B-9D79-4EFA-A3CF-C1EE251587F3}.Debug|x64.Build.0 = Debug|Any CPU
		{9E59780B-9D79-4EFA-A3CF-C1EE251587F3}.Debug|x86.ActiveCfg = Debug|Any CPU
		{9E59780B-9D79-4EFA-A3CF-C1EE251587F3}.Debug|x86.Build.0 = Debug|Any CPU
		{9E59780B-9D79-4EFA-A3CF-C1EE251587F3}.Release|Any CPU.ActiveCfg = Release|Any CPU
		{9E59780B-9D79-4EFA-A3CF-C1EE251587F3}.Release|Any CPU.Build.0 = Release|Any CPU
		{9E59780B-9D79-4EFA-A3CF-C1EE251587F3}.Release|x64.ActiveCfg = Release|Any CPU
		{9E59780B-9D79-4EFA-A3CF-C1EE251587F3}.Release|x64.Build.0 = Release|Any CPU
		{9E59780B-9D79-4EFA-A3CF-C1EE251587F3}.Release|x86.ActiveCfg = Release|Any CPU
		{9E59780B-9D79-4EFA-A3CF-C1EE251587F3}.Release|x86.Build.0 = Release|Any CPU
	EndGlobalSection
	GlobalSection(NestedProjects) = preSolution
		{7C136A20-678E-4A10-92F6-5510FC69032F} = {5BE976B2-FCA3-4EFB-856B-A3D41E272F33}
		{9E59780B-9D79-4EFA-A3CF-C1EE251587F3} = {55BB61A5-A34A-42C1-ABD0-B99BB9596650}
	EndGlobalSection
EndGlobal
